<?xml version="1.0" encoding="utf-8"?>
<Project ToolsVersion="4.0" xmlns="http://schemas.microsoft.com/developer/msbuild/2003">
  <ItemGroup>
    <Filter Include="Source Files">
      <UniqueIdentifier>{4FC737F1-C7A5-4376-A066-2A32D752A2FF}</UniqueIdentifier>
      <Extensions>cpp;c;cc;cxx;def;odl;idl;hpj;bat;asm;asmx</Extensions>
    </Filter>
    <Filter Include="Header Files">
      <UniqueIdentifier>{93995380-89BD-4b04-88EB-625FBE52EBFB}</UniqueIdentifier>
      <Extensions>h;hh;hpp;hxx;hm;inl;inc;ipp;xsd</Extensions>
    </Filter>
    <Filter Include="Resource Files">
      <UniqueIdentifier>{67DA6AB6-F800-4c08-8B7A-83BB121AAD01}</UniqueIdentifier>
      <Extensions>rc;ico;cur;bmp;dlg;rc2;rct;bin;rgs;gif;jpg;jpeg;jpe;resx;tiff;tif;png;wav;mfcribbon-ms</Extensions>
    </Filter>
  </ItemGroup>
  <ItemGroup>
    <ClCompile Include="Main.cpp">
      <Filter>Source Files</Filter>
    </ClCompile>
    <ClCompile Include="src\BFSPaths.cpp">
      <Filter>Source Files</Filter>
    </ClCompile>
    <ClCompile Include="src\Bipartite.cpp">
      <Filter>Source Files</Filter>
    </ClCompile>
    <ClCompile Include="src\Cycle.cpp">
      <Filter>Source Files</Filter>
    </ClCompile>
    <ClCompile Include="src\DFSPaths.cpp">
      <Filter>Source Files</Filter>
    </ClCompile>
    <ClCompile Include="src\GraphAPI.cpp">
      <Filter>Source Files</Filter>
    </ClCompile>
    <ClCompile Include="src\UGraph.cpp">
      <Filter>Source Files</Filter>
    </ClCompile>
    <ClCompile Include="src\EulerianCycle.cpp">
      <Filter>Source Files</Filter>
    </ClCompile>
    <ClCompile Include="src\EulerianPath.cpp">
      <Filter>Source Files</Filter>
    </ClCompile>
    <ClCompile Include="src\ConnectedComponent.cpp">
      <Filter>Source Files</Filter>
    </ClCompile>
    <ClCompile Include="src\DGraph.cpp">
      <Filter>Source Files</Filter>
    </ClCompile>
  </ItemGroup>
  <ItemGroup>
    <ClInclude Include="src\BFSPaths.h">
      <Filter>Header Files</Filter>
    </ClInclude>
    <ClInclude Include="src\Bipartite.h">
      <Filter>Header Files</Filter>
    </ClInclude>
    <ClInclude Include="src\Cycle.h">
      <Filter>Header Files</Filter>
    </ClInclude>
    <ClInclude Include="src\DFSPaths.h">
      <Filter>Header Files</Filter>
    </ClInclude>
    <ClInclude Include="src\GraphAPI.h">
      <Filter>Header Files</Filter>
    </ClInclude>
    <ClInclude Include="src\UGraph.h">
      <Filter>Header Files</Filter>
    </ClInclude>
    <ClInclude Include="src\EulerianCycle.h">
      <Filter>Header Files</Filter>
    </ClInclude>
    <ClInclude Include="src\EulerianPath.h">
      <Filter>Header Files</Filter>
    </ClInclude>
    <ClInclude Include="src\ConnectedComponent.h">
      <Filter>Header Files</Filter>
    </ClInclude>
    <ClInclude Include="src\DGraph.h">
      <Filter>Header Files</Filter>
    </ClInclude>
  </ItemGroup>
</Project>